
Microsoft Visual Studio Solution File, Format Version 12.00
# Visual Studio Version 17
VisualStudioVersion = 17.7.34221.43
MinimumVisualStudioVersion = 10.0.40219.1
Project("{9A19103F-16F7-4668-BE54-9A1E7A4F7556}") = "BankAppUsingDocker", "BankAppUsingDocker\BankAppUsingDocker.csproj", "{9F2717E3-A71E-47C9-8577-988064376521}"
EndProject
Project("{E53339B2-1760-4266-BCC7-CA923CBCF16C}") = "docker-compose", "docker-compose.dcproj", "{FE9C31D3-C8D2-45DB-AA8B-A7B82B28BFD6}"
EndProject
Global
	GlobalSection(SolutionConfigurationPlatforms) = preSolution
		Debug|Any CPU = Debug|Any CPU
		Release|Any CPU = Release|Any CPU
	EndGlobalSection
	GlobalSection(ProjectConfigurationPlatforms) = postSolution
		{9F2717E3-A71E-47C9-8577-988064376521}.Debug|Any CPU.ActiveCfg = Debug|Any CPU
		{9F2717E3-A71E-47C9-8577-988064376521}.Debug|Any CPU.Build.0 = Debug|Any CPU
		{9F2717E3-A71E-47C9-8577-988064376521}.Release|Any CPU.ActiveCfg = Release|Any CPU
		{9F2717E3-A71E-47C9-8577-988064376521}.Release|Any CPU.Build.0 = Release|Any CPU
		{FE9C31D3-C8D2-45DB-AA8B-A7B82B28BFD6}.Debug|Any CPU.ActiveCfg = Debug|Any CPU
		{FE9C31D3-C8D2-45DB-AA8B-A7B82B28BFD6}.Debug|Any CPU.Build.0 = Debug|Any CPU
		{FE9C31D3-C8D2-45DB-AA8B-A7B82B28BFD6}.Release|Any CPU.ActiveCfg = Release|Any CPU
		{FE9C31D3-C8D2-45DB-AA8B-A7B82B28BFD6}.Release|Any CPU.Build.0 = Release|Any CPU
	EndGlobalSection
	GlobalSection(SolutionProperties) = preSolution
		HideSolutionNode = FALSE
	EndGlobalSection
	GlobalSection(ExtensibilityGlobals) = postSolution
		SolutionGuid = {5266CFFF-B9BA-4AAC-9ADD-311394F072DD}
	EndGlobalSection
EndGlobal
